// !$*UTF8*$!
{
	archiveVersion = 1;
	classes = {
	};
	objectVersion = 77;
	objects = {

/* Begin PBXBuildFile section */
		15F024122FBB9510004BD090 /* folderDark.materialrecipe in Resources */ = {isa = PBXBuildFile; fileRef = 15F023F52FBB9510004BD090 /* folderDark.materialrecipe */; };
		15F024152FBB9510004BD090 /* homeScreenBackdrop-application.materialrecipe in Resources */ = {isa = PBXBuildFile; fileRef = 15F023F12FBB9510004BD090 /* homeScreenBackdrop-application.materialrecipe */; };
		15F024162FBB9510004BD090 /* dockDark.materialrecipe in Resources */ = {isa = PBXBuildFile; fileRef = 15F023F22FBB9510004BD090 /* dockDark.materialrecipe */; };
		15F024172FBB9510004BD090 /* platters.materialrecipe in Resources */ = {isa = PBXBuildFile; fileRef = 15F024022FBB9510004BD090 /* platters.materialrecipe */; };
		15F024192FBB9510004BD090 /* HomeBarAssets.car in Resources */ = {isa = PBXBuildFile; fileRef = 15F023F02FBB9510004BD090 /* HomeBarAssets.car */; };
		15F0241A2FBB9510004BD090 /* modules.materialrecipe in Resources */ = {isa = PBXBuildFile; fileRef = 15F023FF2FBB9510004BD090 /* modules.materialrecipe */; };
		15F0241B2FBB9510004BD090 /* folderExpandedBackgroundHome.materialrecipe in Resources */ = {isa = PBXBuildFile; fileRef = 15F023F82FBB9510004BD090 /* folderExpandedBackgroundHome.materialrecipe */; };
		15F0241E2FBB9510004BD090 /* platterVibrantShadowDark.visualstyleset in Resources */ = {isa = PBXBuildFile; fileRef = 15F024052FBB9510004BD090 /* platterVibrantShadowDark.visualstyleset */; };
		15F024212FBB9510004BD090 /* homeScreenOverlay.materialrecipe in Resources */ = {isa = PBXBuildFile; fileRef = 15F023FA2FBB9510004BD090 /* homeScreenOverlay.materialrecipe */; };
		15F024232FBB9510004BD090 /* homeScreenOverlay-iPad.materialrecipe in Resources */ = {isa = PBXBuildFile; fileRef = 15F023F92FBB9510004BD090 /* homeScreenOverlay-iPad.materialrecipe */; };
		15F024242FBB9510004BD090 /* plattersDark.materialrecipe in Resources */ = {isa = PBXBuildFile; fileRef = 15F024032FBB9510004BD090 /* plattersDark.materialrecipe */; };
		15F024252FBB9510004BD090 /* podBackgroundViewLight.visualstyleset in Resources */ = {isa = PBXBuildFile; fileRef = 15F023FD2FBB9510004BD090 /* podBackgroundViewLight.visualstyleset */; };
		15F0242A2FBB9510004BD090 /* dockLight.materialrecipe in Resources */ = {isa = PBXBuildFile; fileRef = 15F023F32FBB9510004BD090 /* dockLight.materialrecipe */; };
		15F0242E2FBB9510004BD090 /* folderLight.materialrecipe in Resources */ = {isa = PBXBuildFile; fileRef = 15F023F62FBB9510004BD090 /* folderLight.materialrecipe */; };
		15F024312FBB9510004BD090 /* platterVibrantShadowLight.visualstyleset in Resources */ = {isa = PBXBuildFile; fileRef = 15F024062FBB9510004BD090 /* platterVibrantShadowLight.visualstyleset */; };
		15F024322FBB9510004BD090 /* replacement.materialrecipe in Resources */ = {isa = PBXBuildFile; fileRef = 15F024092FBB9510004BD090 /* replacement.materialrecipe */; };
		15F024342FBB9510004BD090 /* modulesBackground.materialrecipe in Resources */ = {isa = PBXBuildFile; fileRef = 15F024002FBB9510004BD090 /* modulesBackground.materialrecipe */; };
		15F024352FBB9510004BD090 /* podBackgroundViewDark.visualstyleset in Resources */ = {isa = PBXBuildFile; fileRef = 15F023FC2FBB9510004BD090 /* podBackgroundViewDark.visualstyleset */; };
		9F4A1D2F3C4E567890123456 /* lara/lib/libxpf.dylib in Embed Frameworks */ = {isa = PBXBuildFile; fileRef = 9F4A1D2E3C4E567890123456 /* lara/lib/libxpf.dylib */; settings = {ATTRIBUTES = (CodeSignOnCopy, RemoveHeadersOnCopy, ); }; };
		9F4A1D423C4E567890123456 /* lara/lib/libgrabkernel2.dylib in Embed Frameworks */ = {isa = PBXBuildFile; fileRef = 9F4A1D413C4E567890123456 /* lara/lib/libgrabkernel2.dylib */; settings = {ATTRIBUTES = (CodeSignOnCopy, RemoveHeadersOnCopy, ); }; };
/* End PBXBuildFile section */

/* Begin PBXCopyFilesBuildPhase section */
		9F4A1D313C4E567890123456 /* Embed Frameworks */ = {
			isa = PBXCopyFilesBuildPhase;
			buildActionMask = 2147483647;
			dstPath = "";
			dstSubfolderSpec = 10;
			files = (
				9F4A1D2F3C4E567890123456 /* lara/lib/libxpf.dylib in Embed Frameworks */,
				9F4A1D423C4E567890123456 /* lara/lib/libgrabkernel2.dylib in Embed Frameworks */,
			);
			name = "Embed Frameworks";
			runOnlyForDeploymentPostprocessing = 0;
		};
		CC6845A02F86948300B08EB0 /* Embed App Clips */ = {
			isa = PBXCopyFilesBuildPhase;
			buildActionMask = 2147483647;
			dstPath = "$(CONTENTS_FOLDER_PATH)/AppClips";
			dstSubfolderSpec = 16;
			files = (
			);
			name = "Embed App Clips";
			runOnlyForDeploymentPostprocessing = 0;
		};
/* End PBXCopyFilesBuildPhase section */

/* Begin PBXFileReference section */
		15F023F02FBB9510004BD090 /* HomeBarAssets.car */ = {isa = PBXFileReference; lastKnownFileType = file; path = HomeBarAssets.car; sourceTree = "<group>"; };
		15F023F12FBB9510004BD090 /* homeScreenBackdrop-application.materialrecipe */ = {isa = PBXFileReference; lastKnownFileType = file.bplist; path = "homeScreenBackdrop-application.materialrecipe"; sourceTree = "<group>"; };
		15F023F22FBB9510004BD090 /* dockDark.materialrecipe */ = {isa = PBXFileReference; lastKnownFileType = file.bplist; path = dockDark.materialrecipe; sourceTree = "<group>"; };
		15F023F32FBB9510004BD090 /* dockLight.materialrecipe */ = {isa = PBXFileReference; lastKnownFileType = file.bplist; path = dockLight.materialrecipe; sourceTree = "<group>"; };
		15F023F52FBB9510004BD090 /* folderDark.materialrecipe */ = {isa = PBXFileReference; lastKnownFileType = file.bplist; path = folderDark.materialrecipe; sourceTree = "<group>"; };
		15F023F62FBB9510004BD090 /* folderLight.materialrecipe */ = {isa = PBXFileReference; lastKnownFileType = file.bplist; path = folderLight.materialrecipe; sourceTree = "<group>"; };
		15F023F82FBB9510004BD090 /* folderExpandedBackgroundHome.materialrecipe */ = {isa = PBXFileReference; lastKnownFileType = file.bplist; path = folderExpandedBackgroundHome.materialrecipe; sourceTree = "<group>"; };
		15F023F92FBB9510004BD090 /* homeScreenOverlay-iPad.materialrecipe */ = {isa = PBXFileReference; lastKnownFileType = text.xml; path = "homeScreenOverlay-iPad.materialrecipe"; sourceTree = "<group>"; };
		15F023FA2FBB9510004BD090 /* homeScreenOverlay.materialrecipe */ = {isa = PBXFileReference; lastKnownFileType = text.xml; path = homeScreenOverlay.materialrecipe; sourceTree = "<group>"; };
		15F023FC2FBB9510004BD090 /* podBackgroundViewDark.visualstyleset */ = {isa = PBXFileReference; lastKnownFileType = text.xml; path = podBackgroundViewDark.visualstyleset; sourceTree = "<group>"; };
		15F023FD2FBB9510004BD090 /* podBackgroundViewLight.visualstyleset */ = {isa = PBXFileReference; lastKnownFileType = text.xml; path = podBackgroundViewLight.visualstyleset; sourceTree = "<group>"; };
		15F023FF2FBB9510004BD090 /* modules.materialrecipe */ = {isa = PBXFileReference; lastKnownFileType = file.bplist; path = modules.materialrecipe; sourceTree = "<group>"; };
		15F024002FBB9510004BD090 /* modulesBackground.materialrecipe */ = {isa = PBXFileReference; lastKnownFileType = file.bplist; path = modulesBackground.materialrecipe; sourceTree = "<group>"; };
		15F024022FBB9510004BD090 /* platters.materialrecipe */ = {isa = PBXFileReference; lastKnownFileType = file.bplist; path = platters.materialrecipe; sourceTree = "<group>"; };
		15F024032FBB9510004BD090 /* plattersDark.materialrecipe */ = {isa = PBXFileReference; lastKnownFileType = file.bplist; path = plattersDark.materialrecipe; sourceTree = "<group>"; };
		15F024052FBB9510004BD090 /* platterVibrantShadowDark.visualstyleset */ = {isa = PBXFileReference; lastKnownFileType = file.bplist; path = platterVibrantShadowDark.visualstyleset; sourceTree = "<group>"; };
		15F024062FBB9510004BD090 /* platterVibrantShadowLight.visualstyleset */ = {isa = PBXFileReference; lastKnownFileType = file.bplist; path = platterVibrantShadowLight.visualstyleset; sourceTree = "<group>"; };
		15F024092FBB9510004BD090 /* replacement.materialrecipe */ = {isa = PBXFileReference; lastKnownFileType = file.bplist; path = replacement.materialrecipe; sourceTree = "<group>"; };
		8F5C1F9B2D6A4E9D9F4B1A21 /* lara/kexploit/darksword.m */ = {isa = PBXFileReference; lastKnownFileType = sourcecode.c.objc; path = lara/kexploit/darksword.m; sourceTree = "<group>"; };
		9F4A1D2E3C4E567890123456 /* lara/lib/libxpf.dylib */ = {isa = PBXFileReference; lastKnownFileType = "compiled.mach-o.dylib"; path = lara/lib/libxpf.dylib; sourceTree = "<group>"; };
		9F4A1D413C4E567890123456 /* lara/lib/libgrabkernel2.dylib */ = {isa = PBXFileReference; lastKnownFileType = "compiled.mach-o.dylib"; path = lara/lib/libgrabkernel2.dylib; sourceTree = "<group>"; };
		CC1C8B392F71DF9C00206982 /* lara.app */ = {isa = PBXFileReference; explicitFileType = wrapper.application; includeInIndex = 0; path = lara.app; sourceTree = BUILT_PRODUCTS_DIR; };
		CC6842DF2F8311C300B08EB0 /* libSystem.B.tbd */ = {isa = PBXFileReference; lastKnownFileType = "sourcecode.text-based-dylib-definition"; name = libSystem.B.tbd; path = usr/lib/libSystem.B.tbd; sourceTree = SDKROOT; };
/* End PBXFileReference section */

/* Begin PBXFileSystemSynchronizedBuildFileExceptionSet section */
		CC70C4A12F78D4C10052726B /* Exceptions for "lara" folder in "lara" target */ = {
			isa = PBXFileSystemSynchronizedBuildFileExceptionSet;
			membershipExceptions = (
				Info.plist,
			);
			target = CC1C8B382F71DF9C00206982 /* lara */;
		};
/* End PBXFileSystemSynchronizedBuildFileExceptionSet section */

/* Begin PBXFileSystemSynchronizedRootGroup section */
		CC1C8B3B2F71DF9C00206982 /* lara */ = {
			isa = PBXFileSystemSynchronizedRootGroup;
			exceptions = (
				CC70C4A12F78D4C10052726B /* Exceptions for "lara" folder in "lara" target */,
			);
			path = lara;
			sourceTree = "<group>";
		};
/* End PBXFileSystemSynchronizedRootGroup section */

/* Begin PBXFrameworksBuildPhase section */
		CC1C8B362F71DF9C00206982 /* Frameworks */ = {
			isa = PBXFrameworksBuildPhase;
			buildActionMask = 2147483647;
			files = (
			);
			runOnlyForDeploymentPostprocessing = 0;
		};
/* End PBXFrameworksBuildPhase section */

/* Begin PBXGroup section */
		15F023F42FBB9510004BD090 /* Dock */ = {
			isa = PBXGroup;
			children = (
				15F023F22FBB9510004BD090 /* dockDark.materialrecipe */,
				15F023F32FBB9510004BD090 /* dockLight.materialrecipe */,
			);
			path = Dock;
			sourceTree = "<group>";
		};
		15F023F72FBB9510004BD090 /* Folder */ = {
			isa = PBXGroup;
			children = (
				15F023F52FBB9510004BD090 /* folderDark.materialrecipe */,
				15F023F62FBB9510004BD090 /* folderLight.materialrecipe */,
			);
			path = Folder;
			sourceTree = "<group>";
		};
		15F023FB2FBB9510004BD090 /* FolderBG */ = {
			isa = PBXGroup;
			children = (
				15F023F82FBB9510004BD090 /* folderExpandedBackgroundHome.materialrecipe */,
				15F023F92FBB9510004BD090 /* homeScreenOverlay-iPad.materialrecipe */,
				15F023FA2FBB9510004BD090 /* homeScreenOverlay.materialrecipe */,
			);
			path = FolderBG;
			sourceTree = "<group>";
		};
		15F023FE2FBB9510004BD090 /* LibraryFolder */ = {
			isa = PBXGroup;
			children = (
				15F023FC2FBB9510004BD090 /* podBackgroundViewDark.visualstyleset */,
				15F023FD2FBB9510004BD090 /* podBackgroundViewLight.visualstyleset */,
			);
			path = LibraryFolder;
			sourceTree = "<group>";
		};
		15F024012FBB9510004BD090 /* Module */ = {
			isa = PBXGroup;
			children = (
				15F023FF2FBB9510004BD090 /* modules.materialrecipe */,
				15F024002FBB9510004BD090 /* modulesBackground.materialrecipe */,
			);
			path = Module;
			sourceTree = "<group>";
		};
		15F024042FBB9510004BD090 /* Notif */ = {
			isa = PBXGroup;
			children = (
				15F024022FBB9510004BD090 /* platters.materialrecipe */,
				15F024032FBB9510004BD090 /* plattersDark.materialrecipe */,
			);
			path = Notif;
			sourceTree = "<group>";
		};
		15F024072FBB9510004BD090 /* NotifShadow */ = {
			isa = PBXGroup;
			children = (
				15F024052FBB9510004BD090 /* platterVibrantShadowDark.visualstyleset */,
				15F024062FBB9510004BD090 /* platterVibrantShadowLight.visualstyleset */,
			);
			path = NotifShadow;
			sourceTree = "<group>";
		};
		15F024082FBB9510004BD090 /* BackupFiles */ = {
			isa = PBXGroup;
			children = (
				15F023F02FBB9510004BD090 /* HomeBarAssets.car */,
				15F023F12FBB9510004BD090 /* homeScreenBackdrop-application.materialrecipe */,
				15F023F42FBB9510004BD090 /* Dock */,
				15F023F72FBB9510004BD090 /* Folder */,
				15F023FB2FBB9510004BD090 /* FolderBG */,
				15F023FE2FBB9510004BD090 /* LibraryFolder */,
				15F024012FBB9510004BD090 /* Module */,
				15F024042FBB9510004BD090 /* Notif */,
				15F024072FBB9510004BD090 /* NotifShadow */,
			);
			path = BackupFiles;
			sourceTree = "<group>";
		};
		15F0240A2FBB9510004BD090 /* SpringboardFiles */ = {
			isa = PBXGroup;
			children = (
				15F024082FBB9510004BD090 /* BackupFiles */,
				15F024092FBB9510004BD090 /* replacement.materialrecipe */,
			);
			path = SpringboardFiles;
			sourceTree = "<group>";
		};
		15F0240B2FBB9510004BD090 /* OverwriteFiles */ = {
			isa = PBXGroup;
			children = (
				15F0240A2FBB9510004BD090 /* SpringboardFiles */,
			);
			path = OverwriteFiles;
			sourceTree = "<group>";
		};
		CC1C8B302F71DF9C00206982 = {
			isa = PBXGroup;
			children = (
				15F0240B2FBB9510004BD090 /* OverwriteFiles */,
				CC1C8B3B2F71DF9C00206982 /* lara */,
				CC1C8B3A2F71DF9C00206982 /* Products */,
				CC1C8B822F72C8E000206982 /* Recovered References */,
				CC6842DE2F8311C300B08EB0 /* Frameworks */,
			);
			sourceTree = "<group>";
		};
		CC1C8B3A2F71DF9C00206982 /* Products */ = {
			isa = PBXGroup;
			children = (
				CC1C8B392F71DF9C00206982 /* lara.app */,
			);
			name = Products;
			sourceTree = "<group>";
		};
		CC1C8B822F72C8E000206982 /* Recovered References */ = {
			isa = PBXGroup;
			children = (
				8F5C1F9B2D6A4E9D9F4B1A21 /* lara/kexploit/darksword.m */,
				9F4A1D2E3C4E567890123456 /* lara/lib/libxpf.dylib */,
				9F4A1D413C4E567890123456 /* lara/lib/libgrabkernel2.dylib */,
			);
			name = "Recovered References";
			sourceTree = "<group>";
		};
		CC6842DE2F8311C300B08EB0 /* Frameworks */ = {
			isa = PBXGroup;
			children = (
				CC6842DF2F8311C300B08EB0 /* libSystem.B.tbd */,
			);
			name = Frameworks;
			sourceTree = "<group>";
		};
/* End PBXGroup section */

/* Begin PBXNativeTarget section */
		CC1C8B382F71DF9C00206982 /* lara */ = {
			isa = PBXNativeTarget;
			buildConfigurationList = CC1C8B442F71DF9C00206982 /* Build configuration list for PBXNativeTarget "lara" */;
			buildPhases = (
				CC1C8B352F71DF9C00206982 /* Sources */,
				CC1C8B362F71DF9C00206982 /* Frameworks */,
				9F4A1D313C4E567890123456 /* Embed Frameworks */,
				9F4A1D503C4E567890123456 /* Force Sign Embedded Dylibs */,
				CC1C8B372F71DF9C00206982 /* Resources */,
				CC6845A02F86948300B08EB0 /* Embed App Clips */,
			);
			buildRules = (
			);
			dependencies = (
			);
			fileSystemSynchronizedGroups = (
				CC1C8B3B2F71DF9C00206982 /* lara */,
			);
			name = lara;
			packageProductDependencies = (
			);
			productName = lara;
			productReference = CC1C8B392F71DF9C00206982 /* lara.app */;
			productType = "com.apple.product-type.application";
		};
/* End PBXNativeTarget section */

/* Begin PBXProject section */
		CC1C8B312F71DF9C00206982 /* Project object */ = {
			isa = PBXProject;
			attributes = {
				BuildIndependentTargetsInParallel = 1;
				LastSwiftUpdateCheck = 2600;
				LastUpgradeCheck = 2600;
				TargetAttributes = {
					CC1C8B382F71DF9C00206982 = {
						CreatedOnToolsVersion = 26.0.1;
					};
				};
			};
			buildConfigurationList = CC1C8B342F71DF9C00206982 /* Build configuration list for PBXProject "lara" */;
			developmentRegion = en;
			hasScannedForEncodings = 0;
			knownRegions = (
				en,
				Base,
			);
			mainGroup = CC1C8B302F71DF9C00206982;
			minimizedProjectReferenceProxies = 1;
			packageReferences = (
			);
			preferredProjectObjectVersion = 77;
			productRefGroup = CC1C8B3A2F71DF9C00206982 /* Products */;
			projectDirPath = "";
			projectRoot = "";
			targets = (
				CC1C8B382F71DF9C00206982 /* lara */,
			);
		};
/* End PBXProject section */

/* Begin PBXResourcesBuildPhase section */
		CC1C8B372F71DF9C00206982 /* Resources */ = {
			isa = PBXResourcesBuildPhase;
			buildActionMask = 2147483647;
			files = (
				15F024122FBB9510004BD090 /* folderDark.materialrecipe in Resources */,
				15F024152FBB9510004BD090 /* homeScreenBackdrop-application.materialrecipe in Resources */,
				15F024162FBB9510004BD090 /* dockDark.materialrecipe in Resources */,
				15F024172FBB9510004BD090 /* platters.materialrecipe in Resources */,
				15F024192FBB9510004BD090 /* HomeBarAssets.car in Resources */,
				15F0241A2FBB9510004BD090 /* modules.materialrecipe in Resources */,
				15F0241B2FBB9510004BD090 /* folderExpandedBackgroundHome.materialrecipe in Resources */,
				15F0241E2FBB9510004BD090 /* platterVibrantShadowDark.visualstyleset in Resources */,
				15F024212FBB9510004BD090 /* homeScreenOverlay.materialrecipe in Resources */,
				15F024232FBB9510004BD090 /* homeScreenOverlay-iPad.materialrecipe in Resources */,
				15F024242FBB9510004BD090 /* plattersDark.materialrecipe in Resources */,
				15F024252FBB9510004BD090 /* podBackgroundViewLight.visualstyleset in Resources */,
				15F0242A2FBB9510004BD090 /* dockLight.materialrecipe in Resources */,
				15F0242E2FBB9510004BD090 /* folderLight.materialrecipe in Resources */,
				15F024312FBB9510004BD090 /* platterVibrantShadowLight.visualstyleset in Resources */,
				15F024322FBB9510004BD090 /* replacement.materialrecipe in Resources */,
				15F024342FBB9510004BD090 /* modulesBackground.materialrecipe in Resources */,
				15F024352FBB9510004BD090 /* podBackgroundViewDark.visualstyleset in Resources */,
			);
			runOnlyForDeploymentPostprocessing = 0;
		};
/* End PBXResourcesBuildPhase section */

/* Begin PBXShellScriptBuildPhase section */
		9F4A1D503C4E567890123456 /* Force Sign Embedded Dylibs */ = {
			isa = PBXShellScriptBuildPhase;
			alwaysOutOfDate = 1;
			buildActionMask = 2147483647;
			files = (
			);
			inputPaths = (
				"$(TARGET_BUILD_DIR)/$(FRAMEWORKS_FOLDER_PATH)",
				"$(TARGET_BUILD_DIR)/$(FRAMEWORKS_FOLDER_PATH)/libgrabkernel2.dylib",
				"$(TARGET_BUILD_DIR)/$(FRAMEWORKS_FOLDER_PATH)/libxpf.dylib",
			);
			name = "Force Sign Embedded Dylibs";
			outputPaths = (
			);
			runOnlyForDeploymentPostprocessing = 0;
			shellPath = /bin/sh;
			shellScript = "set -e; if [ -z \"$EXPANDED_CODE_SIGN_IDENTITY\" ]; then exit 0; fi; fw=\"$CODESIGNING_FOLDER_PATH/Frameworks\"; for f in \"$fw/libgrabkernel2.dylib\" \"$fw/libxpf.dylib\"; do if [ -f \"$f\" ]; then /usr/bin/codesign --force --sign \"$EXPANDED_CODE_SIGN_IDENTITY\" --timestamp=none \"$f\"; fi; done";
		};
/* End PBXShellScriptBuildPhase section */

/* Begin PBXSourcesBuildPhase section */
		CC1C8B352F71DF9C00206982 /* Sources */ = {
			isa = PBXSourcesBuildPhase;
			buildActionMask = 2147483647;
			files = (
			);
			runOnlyForDeploymentPostprocessing = 0;
		};
/* End PBXSourcesBuildPhase section */

/* Begin XCBuildConfiguration section */
		CC1C8B422F71DF9C00206982 /* Debug */ = {
			isa = XCBuildConfiguration;
			buildSettings = {
				ALWAYS_SEARCH_USER_PATHS = NO;
				ARCHS = arm64e;
				ASSETCATALOG_COMPILER_GENERATE_SWIFT_ASSET_SYMBOL_EXTENSIONS = YES;
				CLANG_ANALYZER_NONNULL = YES;
				CLANG_ANALYZER_NUMBER_OBJECT_CONVERSION = YES_AGGRESSIVE;
				CLANG_CXX_LANGUAGE_STANDARD = "gnu++20";
				CLANG_ENABLE_MODULES = YES;
				CLANG_ENABLE_OBJC_ARC = YES;
				CLANG_ENABLE_OBJC_WEAK = YES;
				CLANG_WARN_BLOCK_CAPTURE_AUTORELEASING = YES;
				CLANG_WARN_BOOL_CONVERSION = YES;
				CLANG_WARN_COMMA = YES;
				CLANG_WARN_CONSTANT_CONVERSION = YES;
				CLANG_WARN_DEPRECATED_OBJC_IMPLEMENTATIONS = YES;
				CLANG_WARN_DIRECT_OBJC_ISA_USAGE = YES_ERROR;
				CLANG_WARN_DOCUMENTATION_COMMENTS = YES;
				CLANG_WARN_EMPTY_BODY = YES;
				CLANG_WARN_ENUM_CONVERSION = YES;
				CLANG_WARN_INFINITE_RECURSION = YES;
				CLANG_WARN_INT_CONVERSION = YES;
				CLANG_WARN_NON_LITERAL_NULL_CONVERSION = YES;
				CLANG_WARN_OBJC_IMPLICIT_RETAIN_SELF = YES;
				CLANG_WARN_OBJC_LITERAL_CONVERSION = YES;
				CLANG_WARN_OBJC_ROOT_CLASS = YES_ERROR;
				CLANG_WARN_QUOTED_INCLUDE_IN_FRAMEWORK_HEADER = YES;
				CLANG_WARN_RANGE_LOOP_ANALYSIS = YES;
				CLANG_WARN_STRICT_PROTOTYPES = YES;
				CLANG_WARN_SUSPICIOUS_MOVE = YES;
				CLANG_WARN_UNGUARDED_AVAILABILITY = YES_AGGRESSIVE;
				CLANG_WARN_UNREACHABLE_CODE = YES;
				CLANG_WARN__DUPLICATE_METHOD_MATCH = YES;
				COPY_PHASE_STRIP = NO;
				DEBUG_INFORMATION_FORMAT = dwarf;
				DEVELOPMENT_TEAM = DN4S6CXFWY;
				ENABLE_STRICT_OBJC_MSGSEND = YES;
				ENABLE_TESTABILITY = YES;
				ENABLE_USER_SCRIPT_SANDBOXING = YES;
				GCC_C_LANGUAGE_STANDARD = gnu17;
				GCC_DYNAMIC_NO_PIC = NO;
				GCC_NO_COMMON_BLOCKS = YES;
				GCC_OPTIMIZATION_LEVEL = 0;
				GCC_PREPROCESSOR_DEFINITIONS = (
					"DEBUG=1",
					"$(inherited)",
				);
				GCC_WARN_64_TO_32_BIT_CONVERSION = YES;
				GCC_WARN_ABOUT_RETURN_TYPE = YES_ERROR;
				GCC_WARN_UNDECLARED_SELECTOR = YES;
				GCC_WARN_UNINITIALIZED_AUTOS = YES_AGGRESSIVE;
				GCC_WARN_UNUSED_FUNCTION = YES;
				GCC_WARN_UNUSED_VARIABLE = YES;
				IPHONEOS_DEPLOYMENT_TARGET = 26.0;
				LOCALIZATION_PREFERS_STRING_CATALOGS = YES;
				MTL_ENABLE_DEBUG_INFO = INCLUDE_SOURCE;
				MTL_FAST_MATH = YES;
				ONLY_ACTIVE_ARCH = YES;
				SDKROOT = iphoneos;
				SWIFT_ACTIVE_COMPILATION_CONDITIONS = "DEBUG $(inherited)";
				SWIFT_OPTIMIZATION_LEVEL = "-Onone";
			};
			name = Debug;
		};
		CC1C8B432F71DF9C00206982 /* Release */ = {
			isa = XCBuildConfiguration;
			buildSettings = {
				ALWAYS_SEARCH_USER_PATHS = NO;
				ARCHS = arm64e;
				ASSETCATALOG_COMPILER_GENERATE_SWIFT_ASSET_SYMBOL_EXTENSIONS = YES;
				CLANG_ANALYZER_NONNULL = YES;
				CLANG_ANALYZER_NUMBER_OBJECT_CONVERSION = YES_AGGRESSIVE;
				CLANG_CXX_LANGUAGE_STANDARD = "gnu++20";
				CLANG_ENABLE_MODULES = YES;
				CLANG_ENABLE_OBJC_ARC = YES;
				CLANG_ENABLE_OBJC_WEAK = YES;
				CLANG_WARN_BLOCK_CAPTURE_AUTORELEASING = YES;
				CLANG_WARN_BOOL_CONVERSION = YES;
				CLANG_WARN_COMMA = YES;
				CLANG_WARN_CONSTANT_CONVERSION = YES;
				CLANG_WARN_DEPRECATED_OBJC_IMPLEMENTATIONS = YES;
				CLANG_WARN_DIRECT_OBJC_ISA_USAGE = YES_ERROR;
				CLANG_WARN_DOCUMENTATION_COMMENTS = YES;
				CLANG_WARN_EMPTY_BODY = YES;
				CLANG_WARN_ENUM_CONVERSION = YES;
				CLANG_WARN_INFINITE_RECURSION = YES;
				CLANG_WARN_INT_CONVERSION = YES;
				CLANG_WARN_NON_LITERAL_NULL_CONVERSION = YES;
				CLANG_WARN_OBJC_IMPLICIT_RETAIN_SELF = YES;
				CLANG_WARN_OBJC_LITERAL_CONVERSION = YES;
				CLANG_WARN_OBJC_ROOT_CLASS = YES_ERROR;
				CLANG_WARN_QUOTED_INCLUDE_IN_FRAMEWORK_HEADER = YES;
				CLANG_WARN_RANGE_LOOP_ANALYSIS = YES;
				CLANG_WARN_STRICT_PROTOTYPES = YES;
				CLANG_WARN_SUSPICIOUS_MOVE = YES;
				CLANG_WARN_UNGUARDED_AVAILABILITY = YES_AGGRESSIVE;
				CLANG_WARN_UNREACHABLE_CODE = YES;
				CLANG_WARN__DUPLICATE_METHOD_MATCH = YES;
				COPY_PHASE_STRIP = NO;
				DEBUG_INFORMATION_FORMAT = "dwarf-with-dsym";
				DEVELOPMENT_TEAM = DN4S6CXFWY;
				ENABLE_NS_ASSERTIONS = NO;
				ENABLE_STRICT_OBJC_MSGSEND = YES;
				ENABLE_USER_SCRIPT_SANDBOXING = YES;
				GCC_C_LANGUAGE_STANDARD = gnu17;
				GCC_NO_COMMON_BLOCKS = YES;
				GCC_WARN_64_TO_32_BIT_CONVERSION = YES;
				GCC_WARN_ABOUT_RETURN_TYPE = YES_ERROR;
				GCC_WARN_UNDECLARED_SELECTOR = YES;
				GCC_WARN_UNINITIALIZED_AUTOS = YES_AGGRESSIVE;
				GCC_WARN_UNUSED_FUNCTION = YES;
				GCC_WARN_UNUSED_VARIABLE = YES;
				IPHONEOS_DEPLOYMENT_TARGET = 26.0;
				LOCALIZATION_PREFERS_STRING_CATALOGS = YES;
				MTL_ENABLE_DEBUG_INFO = NO;
				MTL_FAST_MATH = YES;
				SDKROOT = iphoneos;
				SWIFT_COMPILATION_MODE = wholemodule;
				VALIDATE_PRODUCT = YES;
			};
			name = Release;
		};
		CC1C8B452F71DF9C00206982 /* Debug */ = {
			isa = XCBuildConfiguration;
			buildSettings = {
				ARCHS = arm64e;
				ASSETCATALOG_COMPILER_APPICON_NAME = AppIcon;
				ASSETCATALOG_COMPILER_INCLUDE_ALL_APPICON_ASSETS = YES;
				CODE_SIGN_STYLE = Automatic;
				CURRENT_PROJECT_VERSION = Release;
				DEVELOPMENT_TEAM = "";
				ENABLE_PREVIEWS = YES;
				ENABLE_USER_SCRIPT_SANDBOXING = NO;
				GENERATE_INFOPLIST_FILE = YES;
				HEADER_SEARCH_PATHS = (
					"$(inherited)",
					"$(SRCROOT)/lara",
					"$(SRCROOT)/lara/kexploit",
				);
				INFOPLIST_FILE = lara/Info.plist;
				INFOPLIST_KEY_LSSupportsOpeningDocumentsInPlace = YES;
				INFOPLIST_KEY_UIApplicationSceneManifest_Generation = YES;
				INFOPLIST_KEY_UIApplicationSupportsIndirectInputEvents = YES;
				INFOPLIST_KEY_UIFileSharingEnabled = YES;
				INFOPLIST_KEY_UILaunchScreen_Generation = YES;
				INFOPLIST_KEY_UISupportedInterfaceOrientations_iPad = "UIInterfaceOrientationPortrait UIInterfaceOrientationPortraitUpsideDown UIInterfaceOrientationLandscapeLeft UIInterfaceOrientationLandscapeRight";
				INFOPLIST_KEY_UISupportedInterfaceOrientations_iPhone = "UIInterfaceOrientationPortrait UIInterfaceOrientationLandscapeLeft UIInterfaceOrientationLandscapeRight";
				IPHONEOS_DEPLOYMENT_TARGET = 16.0;
				LD_RUNPATH_SEARCH_PATHS = (
					"$(inherited)",
					"@executable_path/Frameworks",
				);
				LIBRARY_SEARCH_PATHS = (
					"$(inherited)",
					"$(PROJECT_DIR)/lara/lib",
				);
				MARKETING_VERSION = 0.2;
				PRODUCT_BUNDLE_IDENTIFIER = com.roooot.lara;
				PRODUCT_NAME = "$(TARGET_NAME)";
				STRING_CATALOG_GENERATE_SYMBOLS = YES;
				SUPPORTED_PLATFORMS = "iphoneos iphonesimulator";
				SUPPORTS_MACCATALYST = NO;
				SUPPORTS_MAC_DESIGNED_FOR_IPHONE_IPAD = NO;
				SUPPORTS_XR_DESIGNED_FOR_IPHONE_IPAD = NO;
				SWIFT_APPROACHABLE_CONCURRENCY = YES;
				SWIFT_DEFAULT_ACTOR_ISOLATION = MainActor;
				SWIFT_EMIT_LOC_STRINGS = YES;
				SWIFT_OBJC_BRIDGING_HEADER = "lara/lara-Bridging-Header.h";
				SWIFT_UPCOMING_FEATURE_MEMBER_IMPORT_VISIBILITY = YES;
				SWIFT_VERSION = 5.0;
				TARGETED_DEVICE_FAMILY = "1,2";
			};
			name = Debug;
		};
		CC1C8B462F71DF9C00206982 /* Release */ = {
			isa = XCBuildConfiguration;
			buildSettings = {
				ARCHS = arm64e;
				ASSETCATALOG_COMPILER_APPICON_NAME = AppIcon;
				ASSETCATALOG_COMPILER_INCLUDE_ALL_APPICON_ASSETS = YES;
				CODE_SIGN_STYLE = Automatic;
				CURRENT_PROJECT_VERSION = Release;
				DEVELOPMENT_TEAM = "";
				ENABLE_PREVIEWS = YES;
				ENABLE_USER_SCRIPT_SANDBOXING = NO;
				GENERATE_INFOPLIST_FILE = YES;
				HEADER_SEARCH_PATHS = (
					"$(inherited)",
					"$(SRCROOT)/lara",
					"$(SRCROOT)/lara/kexploit",
				);
				INFOPLIST_FILE = lara/Info.plist;
				INFOPLIST_KEY_LSSupportsOpeningDocumentsInPlace = YES;
				INFOPLIST_KEY_UIApplicationSceneManifest_Generation = YES;
				INFOPLIST_KEY_UIApplicationSupportsIndirectInputEvents = YES;
				INFOPLIST_KEY_UIFileSharingEnabled = YES;
				INFOPLIST_KEY_UILaunchScreen_Generation = YES;
				INFOPLIST_KEY_UISupportedInterfaceOrientations_iPad = "UIInterfaceOrientationPortrait UIInterfaceOrientationPortraitUpsideDown UIInterfaceOrientationLandscapeLeft UIInterfaceOrientationLandscapeRight";
				INFOPLIST_KEY_UISupportedInterfaceOrientations_iPhone = "UIInterfaceOrientationPortrait UIInterfaceOrientationLandscapeLeft UIInterfaceOrientationLandscapeRight";
				IPHONEOS_DEPLOYMENT_TARGET = 16.0;
				LD_RUNPATH_SEARCH_PATHS = (
					"$(inherited)",
					"@executable_path/Frameworks",
				);
				LIBRARY_SEARCH_PATHS = (
					"$(inherited)",
					"$(PROJECT_DIR)/lara/lib",
				);
				MARKETING_VERSION = 0.2;
				PRODUCT_BUNDLE_IDENTIFIER = com.roooot.lara;
				PRODUCT_NAME = "$(TARGET_NAME)";
				STRING_CATALOG_GENERATE_SYMBOLS = YES;
				SUPPORTED_PLATFORMS = "iphoneos iphonesimulator";
				SUPPORTS_MACCATALYST = NO;
				SUPPORTS_MAC_DESIGNED_FOR_IPHONE_IPAD = NO;
				SUPPORTS_XR_DESIGNED_FOR_IPHONE_IPAD = NO;
				SWIFT_APPROACHABLE_CONCURRENCY = YES;
				SWIFT_DEFAULT_ACTOR_ISOLATION = MainActor;
				SWIFT_EMIT_LOC_STRINGS = YES;
				SWIFT_OBJC_BRIDGING_HEADER = "lara/lara-Bridging-Header.h";
				SWIFT_UPCOMING_FEATURE_MEMBER_IMPORT_VISIBILITY = YES;
				SWIFT_VERSION = 5.0;
				TARGETED_DEVICE_FAMILY = "1,2";
			};
			name = Release;
		};
/* End XCBuildConfiguration section */

/* Begin XCConfigurationList section */
		CC1C8B342F71DF9C00206982 /* Build configuration list for PBXProject "lara" */ = {
			isa = XCConfigurationList;
			buildConfigurations = (
				CC1C8B422F71DF9C00206982 /* Debug */,
				CC1C8B432F71DF9C00206982 /* Release */,
			);
			defaultConfigurationIsVisible = 0;
			defaultConfigurationName = Release;
		};
		CC1C8B442F71DF9C00206982 /* Build configuration list for PBXNativeTarget "lara" */ = {
			isa = XCConfigurationList;
			buildConfigurations = (
				CC1C8B452F71DF9C00206982 /* Debug */,
				CC1C8B462F71DF9C00206982 /* Release */,
			);
			defaultConfigurationIsVisible = 0;
			defaultConfigurationName = Release;
		};
/* End XCConfigurationList section */
	};
	rootObject = CC1C8B312F71DF9C00206982 /* Project object */;
}
